
Microsoft Visual Studio Solution File, Format Version 12.00
# Visual Studio Version 17
VisualStudioVersion = 17.2.32519.379
MinimumVisualStudioVersion = 10.0.40219.1
Project("{8BC9CEB8-8B4A-11D0-8D11-00A0C91BC942}") = "CSI370-FinalProject", "CSI370-FinalProject\CSI370-FinalProject.vcxproj", "{90FB37A3-BC07-4D41-AC3A-777F47AC6DFE}"
EndProject
Project("{8BC9CEB8-8B4A-11D0-8D11-00A0C91BC942}") = "Sample-Test1", "Sample-Test1\Sample-Test1.vcxproj", "{A63875B5-48F0-4A50-8547-EE79FF40DD67}"
EndProject
Global
	GlobalSection(SolutionConfigurationPlatforms) = preSolution
		Debug|x64 = Debug|x64
		Debug|x86 = Debug|x86
		Release|x64 = Release|x64
		Release|x86 = Release|x86
	EndGlobalSection
	GlobalSection(ProjectConfigurationPlatforms) = postSolution
		{90FB37A3-BC07-4D41-AC3A-777F47AC6DFE}.Debug|x64.ActiveCfg = Debug|x64
		{90FB37A3-BC07-4D41-AC3A-777F47AC6DFE}.Debug|x64.Build.0 = Debug|x64
		{90FB37A3-BC07-4D41-AC3A-777F47AC6DFE}.Debug|x86.ActiveCfg = Debug|Win32
		{90FB37A3-BC07-4D41-AC3A-777F47AC6DFE}.Debug|x86.Build.0 = Debug|Win32
		{90FB37A3-BC07-4D41-AC3A-777F47AC6DFE}.Release|x64.ActiveCfg = Release|x64
		{90FB37A3-BC07-4D41-AC3A-777F47AC6DFE}.Release|x64.Build.0 = Release|x64
		{90FB37A3-BC07-4D41-AC3A-777F47AC6DFE}.Release|x86.ActiveCfg = Release|Win32
		{90FB37A3-BC07-4D41-AC3A-777F47AC6DFE}.Release|x86.Build.0 = Release|Win32
		{A63875B5-48F0-4A50-8547-EE79FF40DD67}.Debug|x64.ActiveCfg = Debug|x64
		{A63875B5-48F0-4A50-8547-EE79FF40DD67}.Debug|x64.Build.0 = Debug|x64
		{A63875B5-48F0-4A50-8547-EE79FF40DD67}.Debug|x86.ActiveCfg = Debug|Win32
		{A63875B5-48F0-4A50-8547-EE79FF40DD67}.Debug|x86.Build.0 = Debug|Win32
		{A63875B5-48F0-4A50-8547-EE79FF40DD67}.Release|x64.ActiveCfg = Release|x64
		{A63875B5-48F0-4A50-8547-EE79FF40DD67}.Release|x64.Build.0 = Release|x64
		{A63875B5-48F0-4A50-8547-EE79FF40DD67}.Release|x86.ActiveCfg = Release|Win32
		{A63875B5-48F0-4A50-8547-EE79FF40DD67}.Release|x86.Build.0 = Release|Win32
	EndGlobalSection
	GlobalSection(SolutionProperties) = preSolution
		HideSolutionNode = FALSE
	EndGlobalSection
	GlobalSection(ExtensibilityGlobals) = postSolution
		SolutionGuid = {0EC68763-1E1F-4509-A8D0-D03739D4A5A4}
	EndGlobalSection
EndGlobal
